# This file is automatically @generated by Poetry 1.6.1 and should not be changed by hand.

[[package]]
name = "asgiref"
version = "3.7.2"
description = "ASGI specs, helper code, and adapters"
optional = false
python-versions = ">=3.7"
files = [
    {file = "asgiref-3.7.2-py3-none-any.whl", hash = "sha256:89b2ef2247e3b562a16eef663bc0e2e703ec6468e2fa8a5cd61cd449786d4f6e"},
    {file = "asgiref-3.7.2.tar.gz", hash = "sha256:9e0ce3aa93a819ba5b45120216b23878cf6e8525eb3848653452b4192b92afed"},
]

[package.dependencies]
typing-extensions = {version = ">=4", markers = "python_version < \"3.11\""}

[package.extras]
tests = ["mypy (>=0.800)", "pytest", "pytest-asyncio"]

[[package]]
name = "backports-zoneinfo"
version = "0.2.1"
description = "Backport of the standard library zoneinfo module"
optional = false
python-versions = ">=3.6"
files = [
    {file = "backports.zoneinfo-0.2.1-cp36-cp36m-macosx_10_14_x86_64.whl", hash = "sha256:da6013fd84a690242c310d77ddb8441a559e9cb3d3d59ebac9aca1a57b2e18bc"},
    {file = "backports.zoneinfo-0.2.1-cp36-cp36m-manylinux1_i686.whl", hash = "sha256:89a48c0d158a3cc3f654da4c2de1ceba85263fafb861b98b59040a5086259722"},
    {file = "backports.zoneinfo-0.2.1-cp36-cp36m-manylinux1_x86_64.whl", hash = "sha256:1c5742112073a563c81f786e77514969acb58649bcdf6cdf0b4ed31a348d4546"},
    {file = "backports.zoneinfo-0.2.1-cp36-cp36m-win32.whl", hash = "sha256:e8236383a20872c0cdf5a62b554b27538db7fa1bbec52429d8d106effbaeca08"},
    {file = "backports.zoneinfo-0.2.1-cp36-cp36m-win_amd64.whl", hash = "sha256:8439c030a11780786a2002261569bdf362264f605dfa4d65090b64b05c9f79a7"},
    {file = "backports.zoneinfo-0.2.1-cp37-cp37m-macosx_10_14_x86_64.whl", hash = "sha256:f04e857b59d9d1ccc39ce2da1021d196e47234873820cbeaad210724b1ee28ac"},
    {file = "backports.zoneinfo-0.2.1-cp37-cp37m-manylinux1_i686.whl", hash = "sha256:17746bd546106fa389c51dbea67c8b7c8f0d14b5526a579ca6ccf5ed72c526cf"},
    {file = "backports.zoneinfo-0.2.1-cp37-cp37m-manylinux1_x86_64.whl", hash = "sha256:5c144945a7752ca544b4b78c8c41544cdfaf9786f25fe5ffb10e838e19a27570"},
    {file = "backports.zoneinfo-0.2.1-cp37-cp37m-win32.whl", hash = "sha256:e55b384612d93be96506932a786bbcde5a2db7a9e6a4bb4bffe8b733f5b9036b"},
    {file = "backports.zoneinfo-0.2.1-cp37-cp37m-win_amd64.whl", hash = "sha256:a76b38c52400b762e48131494ba26be363491ac4f9a04c1b7e92483d169f6582"},
    {file = "backports.zoneinfo-0.2.1-cp38-cp38-macosx_10_14_x86_64.whl", hash = "sha256:8961c0f32cd0336fb8e8ead11a1f8cd99ec07145ec2931122faaac1c8f7fd987"},
    {file = "backports.zoneinfo-0.2.1-cp38-cp38-manylinux1_i686.whl", hash = "sha256:e81b76cace8eda1fca50e345242ba977f9be6ae3945af8d46326d776b4cf78d1"},
    {file = "backports.zoneinfo-0.2.1-cp38-cp38-manylinux1_x86_64.whl", hash = "sha256:7b0a64cda4145548fed9efc10322770f929b944ce5cee6c0dfe0c87bf4c0c8c9"},
    {file = "backports.zoneinfo-0.2.1-cp38-cp38-win32.whl", hash = "sha256:1b13e654a55cd45672cb54ed12148cd33628f672548f373963b0bff67b217328"},
    {file = "backports.zoneinfo-0.2.1-cp38-cp38-win_amd64.whl", hash = "sha256:4a0f800587060bf8880f954dbef70de6c11bbe59c673c3d818921f042f9954a6"},
    {file = "backports.zoneinfo-0.2.1.tar.gz", hash = "sha256:fadbfe37f74051d024037f223b8e001611eac868b5c5b06144ef4d8b799862f2"},
]

[package.extras]
tzdata = ["tzdata"]

[[package]]
name = "crc32c"
version = "2.3.post0"
description = "A python package implementing the crc32c algorithm in hardware and software"
optional = false
python-versions = "*"
files = [
    {file = "crc32c-2.3.post0-cp310-cp310-macosx_10_9_universal2.whl", hash = "sha256:e311f52e24b633e8d588ab9a0e7992bfcfe8284a1655202bdac5aee80254a3fd"},
    {file = "crc32c-2.3.post0-cp310-cp310-macosx_10_9_x86_64.whl", hash = "sha256:4459462c732232ffb29b58decd246ed5cdb8c16ae141f57f03cb2e3445dc1d2e"},
    {file = "crc32c-2.3.post0-cp310-cp310-macosx_11_0_arm64.whl", hash = "sha256:1285d33cdeda2d2248994d41706f88f0fe58265ae907d23221c07028e79f9670"},
    {file = "crc32c-2.3.post0-cp310-cp310-manylinux_2_17_aarch64.manylinux2014_aarch64.whl", hash = "sha256:3c24ebb561e10a5eada2128a7357e41969155cebe7b34656176fc24412d45c8b"},
    {file = "crc32c-2.3.post0-cp310-cp310-manylinux_2_5_i686.manylinux1_i686.manylinux_2_17_i686.manylinux2014_i686.whl", hash = "sha256:cb4222a766f59b1cd8cbe56af5dbdfd3a2c0ec40b60c9ee6efe4a5cabc94112d"},
    {file = "crc32c-2.3.post0-cp310-cp310-manylinux_2_5_x86_64.manylinux1_x86_64.manylinux_2_17_x86_64.manylinux2014_x86_64.whl", hash = "sha256:217c1b64be777cf235556066c363f4dec22b29a956a174f6361037b1b2065c63"},
    {file = "crc32c-2.3.post0-cp310-cp310-musllinux_1_1_aarch64.whl", hash = "sha256:3bb11668f75a7f4f699b9a125aaf15259687f691beb95e756e3bea80d7163645"},
    {file = "crc32c-2.3.post0-cp310-cp310-musllinux_1_1_i686.whl", hash = "sha256:04220e1db5567dc234d1e9dc182c5b8241905057ec19967ac3a917bcaf06d70e"},
    {file = "crc32c-2.3.post0-cp310-cp310-musllinux_1_1_x86_64.whl", hash = "sha256:dbae415e9ec7dfdcdeac981cf4833d9942ce9de175b2be5a21c641c3a88e609b"},
    {file = "crc32c-2.3.post0-cp310-cp310-win32.whl", hash = "sha256:7fb366626bf7ef66e55656c8385fcc94f22f8d3847a7a84c810d2e3f63f54c62"},
    {file = "crc32c-2.3.post0-cp310-cp310-win_amd64.whl", hash = "sha256:01787094f281ae7c8f645d7b3c309a02bac45cb385206eee651aa27d933a87e5"},
    {file = "crc32c-2.3.post0-cp311-cp311-macosx_10_9_universal2.whl", hash = "sha256:8a3ff6b893ab482f0841a2b7e394adb749b1a896c854ce92f72c60e2ea3a3553"},
    {file = "crc32c-2.3.post0-cp311-cp311-macosx_10_9_x86_64.whl", hash = "sha256:585ab3307a2aa73b935f0b0358197f0af5306204d646ac321ecf01f2a3725f94"},
    {file = "crc32c-2.3.post0-cp311-cp311-macosx_11_0_arm64.whl", hash = "sha256:acb0d4a1cf19fdc2946ab9b1dc5d4f1347e97b356a863fbba2d8a3d3c1cbe815"},
    {file = "crc32c-2.3.post0-cp311-cp311-manylinux_2_17_aarch64.manylinux2014_aarch64.whl", hash = "sha256:75e9a588e7241d09de9023dc51174cc2c9ac7c453ae0e26a5718e266b48ae392"},
    {file = "crc32c-2.3.post0-cp311-cp311-manylinux_2_5_i686.manylinux1_i686.manylinux_2_17_i686.manylinux2014_i686.whl", hash = "sha256:5be4ad72c198c4a22515ef2ad728f9829ee3d75e6c7f3e41030c8266e46c0c7c"},
    {file = "crc32c-2.3.post0-cp311-cp311-manylinux_2_5_x86_64.manylinux1_x86_64.manylinux_2_17_x86_64.manylinux2014_x86_64.whl", hash = "sha256:08fdba1351d5cbb428d9ba3ce5c03d43687e7b23c6bc0cf99973306e5549dab9"},
    {file = "crc32c-2.3.post0-cp311-cp311-musllinux_1_1_aarch64.whl", hash = "sha256:21919937ecac802e436c1a9978e8b27522ca87bf67dc5ce3a5b5622c0b5c3a06"},
    {file = "crc32c-2.3.post0-cp311-cp311-musllinux_1_1_i686.whl", hash = "sha256:c102e8988618e3bd15f4297ab95631c6d9e59326f9af17bf7d71c2ad4639a7f7"},
    {file = "crc32c-2.3.post0-cp311-cp311-musllinux_1_1_x86_64.whl", hash = "sha256:6072cc60102a8ac86f45ab8d29c8679a8ac0445477eed3d0af6d0becceea1392"},
    {file = "crc32c-2.3.post0-cp311-cp311-win32.whl", hash = "sha256:295053584dc3a11d8f02d6ccc6dd3698331e252cd816d7652b0723c516ef3c41"},
    {file = "crc32c-2.3.post0-cp311-cp311-win_amd64.whl", hash = "sha256:05ad2f6b6392b2a0af159142e6ec029cddd15d67a76b7762b3316cbb5cc8e22c"},
    {file = "crc32c-2.3.post0-cp312-cp312-macosx_10_9_universal2.whl", hash = "sha256:6281582e919e405fdc4bf0f3ecd5f2ad647767cc5c6beecc094476356bd6ad09"},
    {file = "crc32c-2.3.post0-cp312-cp312-macosx_10_9_x86_64.whl", hash = "sha256:d14f1b02e763edbd5039665b1c7decf7714e55b992ce89971a997862a236394c"},
    {file = "crc32c-2.3.post0-cp312-cp312-macosx_11_0_arm64.whl", hash = "sha256:4fed4b5f61c6a3009b522faf218e9665da71917756a09998386869b293145cfd"},
    {file = "crc32c-2.3.post0-cp312-cp312-manylinux_2_17_aarch64.manylinux2014_aarch64.whl", hash = "sha256:9b81590ffd92f90dee3ff823b69392cd2640f527efcc5d637829b4a0cea370de"},
    {file = "crc32c-2.3.post0-cp312-cp312-manylinux_2_5_i686.manylinux1_i686.manylinux_2_17_i686.manylinux2014_i686.whl", hash = "sha256:bd62636466bf6b24f5ac32640b2401fe7333dea09cc46506ad3a855782bdfa0d"},
    {file = "crc32c-2.3.post0-cp312-cp312-manylinux_2_5_x86_64.manylinux1_x86_64.manylinux_2_17_x86_64.manylinux2014_x86_64.whl", hash = "sha256:712474ce37ea262cdd8a46be5696a3d72aff55d02463428eae1ddee265feb882"},
    {file = "crc32c-2.3.post0-cp312-cp312-musllinux_1_1_aarch64.whl", hash = "sha256:9a05ff1275350368e4e4e4d756e6a2924892e6160b4655ac5082d4f9b4a11a71"},
    {file = "crc32c-2.3.post0-cp312-cp312-musllinux_1_1_i686.whl", hash = "sha256:69b5c270f326a35777409cdd9547eada1f69fffbf9fd340862c00a655b2d9a3a"},
    {file = "crc32c-2.3.post0-cp312-cp312-musllinux_1_1_x86_64.whl", hash = "sha256:23a534b11619965ff8ce73775d703be2c59566fde88a5a03efd4b28eee023e90"},
    {file = "crc32c-2.3.post0-cp312-cp312-win32.whl", hash = "sha256:5f1d5c72daf5560daa89fd123bd6fe7dec58fdae142330f244850b20f61c518e"},
    {file = "crc32c-2.3.post0-cp312-cp312-win_amd64.whl", hash = "sha256:e5286061b6050689892ac145bab0a441c3e742b8c0f29a9be8f1c97eea5558a7"},
    {file = "crc32c-2.3.post0-cp36-cp36m-macosx_10_9_x86_64.whl", hash = "sha256:c002f55429a12ec87a0b33a073b384d26edd46d89b3cf7cfb6ddf5abb6e2bfab"},
    {file = "crc32c-2.3.post0-cp36-cp36m-manylinux_2_17_aarch64.manylinux2014_aarch64.whl", hash = "sha256:ec216adbbf7ad1506918c8199a144d26740650b594f79755f5f1affec7e7820b"},
    {file = "crc32c-2.3.post0-cp36-cp36m-manylinux_2_5_i686.manylinux1_i686.manylinux_2_17_i686.manylinux2014_i686.whl", hash = "sha256:38f4c8eaa77fa9bbe690b58546dd3f2e244c13d5d0a01fa93076d3817a22bc68"},
    {file = "crc32c-2.3.post0-cp36-cp36m-manylinux_2_5_x86_64.manylinux1_x86_64.manylinux_2_17_x86_64.manylinux2014_x86_64.whl", hash = "sha256:247ada85bd0a54012e910ff46697871f80bcff9018b59f7de23161726a146b2a"},
    {file = "crc32c-2.3.post0-cp36-cp36m-musllinux_1_1_aarch64.whl", hash = "sha256:363b8f2993f07eb8ac665c7227cb2a569fb1f4eb1551a05695bc2f94c23307e4"},
    {file = "crc32c-2.3.post0-cp36-cp36m-musllinux_1_1_i686.whl", hash = "sha256:8af10d0c3752db01dfa77c6c4c8fa070bdefe939eb9ab94b4dec1dcc2cc11fa5"},
    {file = "crc32c-2.3.post0-cp36-cp36m-musllinux_1_1_x86_64.whl", hash = "sha256:b60dd506177d2ea68fb548caa9cc383f46c024947d1990604c11aa615ec9da62"},
    {file = "crc32c-2.3.post0-cp36-cp36m-win32.whl", hash = "sha256:305ca4eb8c399081a68ca0274ae176753be8430fc874d1e7397a2cbc95748733"},
    {file = "crc32c-2.3.post0-cp36-cp36m-win_amd64.whl", hash = "sha256:5c9e58f96a0e56e60ea683504f605b76c73b7f885837bfc8bd8346b054133045"},
    {file = "crc32c-2.3.post0-cp37-cp37m-macosx_10_9_x86_64.whl", hash = "sha256:21ef9ebdfe4f2e45c94327a1a9a222a899be784d78674065ada6e8e240d3a4a8"},
    {file = "crc32c-2.3.post0-cp37-cp37m-manylinux_2_17_aarch64.manylinux2014_aarch64.whl", hash = "sha256:85b3395c476916b098a20cfb8686558865ca3ef71caaf9e6b0a548b2049ee87d"},
    {file = "crc32c-2.3.post0-cp37-cp37m-manylinux_2_5_i686.manylinux1_i686.manylinux_2_17_i686.manylinux2014_i686.whl", hash = "sha256:42c0363d68a95d133af02803772395b42bc202840ea70a317e2b46beb9e53af0"},
    {file = "crc32c-2.3.post0-cp37-cp37m-manylinux_2_5_x86_64.manylinux1_x86_64.manylinux_2_17_x86_64.manylinux2014_x86_64.whl", hash = "sha256:75eb7cc4200745cbc717bb0b83b538e6582be980d4f8c9f9bb0740a23e93a4d8"},
    {file = "crc32c-2.3.post0-cp37-cp37m-musllinux_1_1_aarch64.whl", hash = "sha256:d7bcc07f3a63cc8be7536ca35a4c5b96763b8e0ce5d48f30d9374ec7e381b057"},
    {file = "crc32c-2.3.post0-cp37-cp37m-musllinux_1_1_i686.whl", hash = "sha256:89bcf1158c577635bdc61b27d29deb2fe0c1191a54a490f976563a73abe3b2e3"},
    {file = "crc32c-2.3.post0-cp37-cp37m-musllinux_1_1_x86_64.whl", hash = "sha256:d18e82f66a0c25c8fb10b21e71cf2f2aa81441fd1a062809249e98a338ef9c81"},
    {file = "crc32c-2.3.post0-cp37-cp37m-win32.whl", hash = "sha256:31f59b051a7fa4a2ada3f76a79014be38c45e9d3c906eca381e9007677ffe506"},
    {file = "crc32c-2.3.post0-cp37-cp37m-win_amd64.whl", hash = "sha256:19d6a505582194ed0b2bb257cf3729c922e7e92f457a9f7f5493cf821cb19afc"},
    {file = "crc32c-2.3.post0-cp38-cp38-macosx_10_9_universal2.whl", hash = "sha256:cce0c79dbf4d4f2276cb9e32f4d0dfc3ce5d8cc5c3f0a0bc62612505cd779c67"},
    {file = "crc32c-2.3.post0-cp38-cp38-macosx_10_9_x86_64.whl", hash = "sha256:86837a00716056c29f9d84c980cdac050ba3c7610c9edca1b2ac01192715725d"},
    {file = "crc32c-2.3.post0-cp38-cp38-macosx_11_0_arm64.whl", hash = "sha256:7a61e6754ee54bbae9253035eabb5658d0ada9162eb1b98feabefb044b95e6c0"},
    {file = "crc32c-2.3.post0-cp38-cp38-manylinux_2_17_aarch64.manylinux2014_aarch64.whl", hash = "sha256:470bb05c224ede904af0278d18ac26f1132a8cfc7a11cfa0406c26ef75765427"},
    {file = "crc32c-2.3.post0-cp38-cp38-manylinux_2_5_i686.manylinux1_i686.manylinux_2_17_i686.manylinux2014_i686.whl", hash = "sha256:de0307898c24a8ae29d4b94ddd3aa81b73d3b2b0e490d226e3a3dd05526dfca1"},
    {file = "crc32c-2.3.post0-cp38-cp38-manylinux_2_5_x86_64.manylinux1_x86_64.manylinux_2_17_x86_64.manylinux2014_x86_64.whl", hash = "sha256:e0925a7a8fcc216744e86c21f1749c22f950f9bdad512cb5c80ee85017625bd5"},
    {file = "crc32c-2.3.post0-cp38-cp38-musllinux_1_1_aarch64.whl", hash = "sha256:d9ea9e6eb2912051a40ac6877646925ee3a058c4aa3868988fe1d8c4577f57d4"},
    {file = "crc32c-2.3.post0-cp38-cp38-musllinux_1_1_i686.whl", hash = "sha256:6bfc277c43fa1dd4c4a91a1b56347008e34c8214dd99b1424b5d636272f2922c"},
    {file = "crc32c-2.3.post0-cp38-cp38-musllinux_1_1_x86_64.whl", hash = "sha256:771ad4abacb89a14e1f5cbbb291ead652a0c9ed4be2c9b579c869957c0b03e3d"},
    {file = "crc32c-2.3.post0-cp38-cp38-win32.whl", hash = "sha256:a57d1ec8f1aa45c14a51770b011359b511eb7dcc6ffd7c8fc9e918e2aa009416"},
    {file = "crc32c-2.3.post0-cp38-cp38-win_amd64.whl", hash = "sha256:05b69167116680bd40116c8fac847950d1eb170fdd42a814602223b4e002b0bb"},
    {file = "crc32c-2.3.post0-cp39-cp39-macosx_10_9_universal2.whl", hash = "sha256:cee4275dfb3cfc4a1e4c338089f3223fce878d7151cebb095937c07410371908"},
    {file = "crc32c-2.3.post0-cp39-cp39-macosx_10_9_x86_64.whl", hash = "sha256:176b3c5ff7fa4e2f83c241ab9dc4fd1584d1c9333d4c7295c16c9f6097c29933"},
    {file = "crc32c-2.3.post0-cp39-cp39-macosx_11_0_arm64.whl", hash = "sha256:68941ac55632f231120baeeba72690cdf2ec2531fea3ceab4612dbf855411b05"},
    {file = "crc32c-2.3.post0-cp39-cp39-manylinux_2_17_aarch64.manylinux2014_aarch64.whl", hash = "sha256:00de0d157dc17bbf01fef615aff6095a78b3561aad37b4ba4a300b11311aae55"},
    {file = "crc32c-2.3.post0-cp39-cp39-manylinux_2_5_i686.manylinux1_i686.manylinux_2_17_i686.manylinux2014_i686.whl", hash = "sha256:061b084e27d92dc3e1a9efd500e6e3feee9e97e8cefe2fbdcc0011cba7f3242a"},
    {file = "crc32c-2.3.post0-cp39-cp39-manylinux_2_5_x86_64.manylinux1_x86_64.manylinux_2_17_x86_64.manylinux2014_x86_64.whl", hash = "sha256:a2f6105a430f4f1f393cc660bf8ac3a4860396fa9b5ac8bf0c7ba1de044a3cbc"},
    {file = "crc32c-2.3.post0-cp39-cp39-musllinux_1_1_aarch64.whl", hash = "sha256:69cd27f493a6bcbeb1b59eea4a978734ebf3ce2b6f757a99405d6eebd38af551"},
    {file = "crc32c-2.3.post0-cp39-cp39-musllinux_1_1_i686.whl", hash = "sha256:7d02e45cddebfa82694fc9fc7df2f42366431e90b0abd40c5c63758bc9234123"},
    {file = "crc32c-2.3.post0-cp39-cp39-musllinux_1_1_x86_64.whl", hash = "sha256:0b5f5a18e9bfe98a273d9618d5c04470fe983dcebcd453fac07c398dfac7db10"},
    {file = "crc32c-2.3.post0-cp39-cp39-win32.whl", hash = "sha256:e88bbdeba430dfee6d83192a9e55c8e89884a3c5215d1b7643395ecbbd1b502b"},
    {file = "crc32c-2.3.post0-cp39-cp39-win_amd64.whl", hash = "sha256:c55e8a45e360aeb3cea2cf9d9fb3771a711ed3c3fce2d91c874d767aae4f5cee"},
    {file = "crc32c-2.3.post0-pp37-pypy37_pp73-macosx_10_9_x86_64.whl", hash = "sha256:b3628ff77ca4cf3c3f0209d5eb824b79d8e324bbb1feaff3fb6bff8adc23ec08"},
    {file = "crc32c-2.3.post0-pp37-pypy37_pp73-manylinux_2_17_aarch64.manylinux2014_aarch64.whl", hash = "sha256:3ef1b87ac755e20933bc8136a45ca9993a03c0b0ba16dd946ab287108305332b"},
    {file = "crc32c-2.3.post0-pp37-pypy37_pp73-manylinux_2_5_i686.manylinux1_i686.manylinux_2_17_i686.manylinux2014_i686.whl", hash = "sha256:9ebbcde06765fcde3d2d440153839a9ac675866fb25aa86219595c370e6d3f7c"},
    {file = "crc32c-2.3.post0-pp37-pypy37_pp73-manylinux_2_5_x86_64.manylinux1_x86_64.manylinux_2_17_x86_64.manylinux2014_x86_64.whl", hash = "sha256:335f1fcd5fb346be4ac4c982f89bb66b39c93a2c2d4bcdb3e3188d8adcb225b2"},
    {file = "crc32c-2.3.post0-pp37-pypy37_pp73-win_amd64.whl", hash = "sha256:b6a4df4a978dbf43e548a008dc4686f6e24d52defb8c03a79b67aebfeaa2caa6"},
    {file = "crc32c-2.3.post0-pp38-pypy38_pp73-macosx_10_9_x86_64.whl", hash = "sha256:129b0ac8ee712ce42aae36d7e6e5202ab080f06117f57ba2c894226586e80050"},
    {file = "crc32c-2.3.post0-pp38-pypy38_pp73-manylinux_2_17_aarch64.manylinux2014_aarch64.whl", hash = "sha256:b6ad74ec499a3d6981900c1e2873b1e6a19e2ee3c650a3e611c3076ad9167f3a"},
    {file = "crc32c-2.3.post0-pp38-pypy38_pp73-manylinux_2_5_i686.manylinux1_i686.manylinux_2_17_i686.manylinux2014_i686.whl", hash = "sha256:69cb66a0c680ae531df7f32833a3d6df26aeeb144c0f7a8899d2d5bb7c9cdc2c"},
    {file = "crc32c-2.3.post0-pp38-pypy38_pp73-manylinux_2_5_x86_64.manylinux1_x86_64.manylinux_2_17_x86_64.manylinux2014_x86_64.whl", hash = "sha256:b823aacfefe0001a08667d7a4d7dd87133537e3628ed581fa416829a5dad26fd"},
    {file = "crc32c-2.3.post0-pp38-pypy38_pp73-win_amd64.whl", hash = "sha256:a4d98142f6e40dec28994846a6acafd96ba822d81b3c6671633fb11d41692c32"},
    {file = "crc32c-2.3.post0-pp39-pypy39_pp73-macosx_10_9_x86_64.whl", hash = "sha256:bce06be1d9aa7e4b3e3038fe80facafa3526bec9e484ec089c035b8018727c1b"},
    {file = "crc32c-2.3.post0-pp39-pypy39_pp73-manylinux_2_17_aarch64.manylinux2014_aarch64.whl", hash = "sha256:0467261c67377a92ad6665a9590b3820cfb12d59c3c6ccac6326200e032ddda4"},
    {file = "crc32c-2.3.post0-pp39-pypy39_pp73-manylinux_2_5_i686.manylinux1_i686.manylinux_2_17_i686.manylinux2014_i686.whl", hash = "sha256:1101b4e680085ea7c01074d38378610392262bc56936ec17eed61f1372197193"},
    {file = "crc32c-2.3.post0-pp39-pypy39_pp73-manylinux_2_5_x86_64.manylinux1_x86_64.manylinux_2_17_x86_64.manylinux2014_x86_64.whl", hash = "sha256:80ddf6b0594bb980a635ff4818c0c64927193c1a09e8b5b6986769e94a7ba9ee"},
    {file = "crc32c-2.3.post0-pp39-pypy39_pp73-win_amd64.whl", hash = "sha256:3e547c06a1dda463daf398661af6bda767debe0097630b48c463605e38ade31a"},
    {file = "crc32c-2.3.post0.tar.gz", hash = "sha256:7d4b39ca6791830c4f1c053d2d8983627af702f0445535ff53d3220f35cf6ce6"},
]

[[package]]
name = "django"
version = "4.2.5"
description = "A high-level Python web framework that encourages rapid development and clean, pragmatic design."
optional = false
python-versions = ">=3.8"
files = [
    {file = "Django-4.2.5-py3-none-any.whl", hash = "sha256:b6b2b5cae821077f137dc4dade696a1c2aa292f892eca28fa8d7bfdf2608ddd4"},
    {file = "Django-4.2.5.tar.gz", hash = "sha256:5e5c1c9548ffb7796b4a8a4782e9a2e5a3df3615259fc1bfd3ebc73b646146c1"},
]

[package.dependencies]
asgiref = ">=3.6.0,<4"
"backports.zoneinfo" = {version = "*", markers = "python_version < \"3.9\""}
sqlparse = ">=0.3.1"
tzdata = {version = "*", markers = "sys_platform == \"win32\""}

[package.extras]
argon2 = ["argon2-cffi (>=19.1.0)"]
bcrypt = ["bcrypt"]

[[package]]
name = "django-filter"
version = "23.2"
description = "Django-filter is a reusable Django application for allowing users to filter querysets dynamically."
optional = false
python-versions = ">=3.7"
files = [
    {file = "django-filter-23.2.tar.gz", hash = "sha256:2fe15f78108475eda525692813205fa6f9e8c1caf1ae65daa5862d403c6dbf00"},
    {file = "django_filter-23.2-py3-none-any.whl", hash = "sha256:d12d8e0fc6d3eb26641e553e5d53b191eb8cec611427d4bdce0becb1f7c172b5"},
]

[package.dependencies]
Django = ">=3.2"

[[package]]
name = "djangorestframework"
version = "3.14.0"
description = "Web APIs for Django, made easy."
optional = false
python-versions = ">=3.6"
files = [
    {file = "djangorestframework-3.14.0-py3-none-any.whl", hash = "sha256:eb63f58c9f218e1a7d064d17a70751f528ed4e1d35547fdade9aaf4cd103fd08"},
    {file = "djangorestframework-3.14.0.tar.gz", hash = "sha256:579a333e6256b09489cbe0a067e66abe55c6595d8926be6b99423786334350c8"},
]

[package.dependencies]
django = ">=3.0"
pytz = "*"

[[package]]
name = "djangorestframework-simplejwt"
version = "5.3.0"
description = "A minimal JSON Web Token authentication plugin for Django REST Framework"
optional = false
python-versions = ">=3.7"
files = [
    {file = "djangorestframework_simplejwt-5.3.0-py3-none-any.whl", hash = "sha256:631d7ae2ed4365d7196a35d3cc0f6d382f7bd3361fb24c894f8f92b4da5db27d"},
    {file = "djangorestframework_simplejwt-5.3.0.tar.gz", hash = "sha256:8e4c5dfca8d11c0b8a66dfd8a4e3fc1c6aa7ea188d10907ff91c942f4b52ed66"},
]

[package.dependencies]
django = ">=3.2"
djangorestframework = ">=3.10"
pyjwt = ">=1.7.1,<3"

[package.extras]
crypto = ["cryptography (>=3.3.1)"]
dev = ["Sphinx (>=1.6.5,<2)", "cryptography", "flake8", "ipython", "isort", "pep8", "pytest", "pytest-cov", "pytest-django", "pytest-watch", "pytest-xdist", "python-jose (==3.3.0)", "sphinx-rtd-theme (>=0.1.9)", "tox", "twine", "wheel"]
doc = ["Sphinx (>=1.6.5,<2)", "sphinx-rtd-theme (>=0.1.9)"]
lint = ["flake8", "isort", "pep8"]
python-jose = ["python-jose (==3.3.0)"]
test = ["cryptography", "pytest", "pytest-cov", "pytest-django", "pytest-xdist", "tox"]

[[package]]
name = "gunicorn"
version = "21.2.0"
description = "WSGI HTTP Server for UNIX"
optional = false
python-versions = ">=3.5"
files = [
    {file = "gunicorn-21.2.0-py3-none-any.whl", hash = "sha256:3213aa5e8c24949e792bcacfc176fef362e7aac80b76c56f6b5122bf350722f0"},
    {file = "gunicorn-21.2.0.tar.gz", hash = "sha256:88ec8bff1d634f98e61b9f65bc4bf3cd918a90806c6f5c48bc5603849ec81033"},
]

[package.dependencies]
packaging = "*"

[package.extras]
eventlet = ["eventlet (>=0.24.1)"]
gevent = ["gevent (>=1.4.0)"]
setproctitle = ["setproctitle"]
tornado = ["tornado (>=0.2)"]

[[package]]
name = "kafka-python"
version = "2.0.2"
description = "Pure Python client for Apache Kafka"
optional = false
python-versions = "*"
files = [
    {file = "kafka-python-2.0.2.tar.gz", hash = "sha256:04dfe7fea2b63726cd6f3e79a2d86e709d608d74406638c5da33a01d45a9d7e3"},
    {file = "kafka_python-2.0.2-py2.py3-none-any.whl", hash = "sha256:2d92418c7cb1c298fa6c7f0fb3519b520d0d7526ac6cb7ae2a4fc65a51a94b6e"},
]

[package.extras]
crc32c = ["crc32c"]

[[package]]
name = "lz4"
version = "4.3.2"
description = "LZ4 Bindings for Python"
optional = false
python-versions = ">=3.7"
files = [
    {file = "lz4-4.3.2-cp310-cp310-macosx_10_9_x86_64.whl", hash = "sha256:1c4c100d99eed7c08d4e8852dd11e7d1ec47a3340f49e3a96f8dfbba17ffb300"},
    {file = "lz4-4.3.2-cp310-cp310-macosx_11_0_arm64.whl", hash = "sha256:edd8987d8415b5dad25e797043936d91535017237f72fa456601be1479386c92"},
    {file = "lz4-4.3.2-cp310-cp310-manylinux_2_17_aarch64.manylinux2014_aarch64.whl", hash = "sha256:f7c50542b4ddceb74ab4f8b3435327a0861f06257ca501d59067a6a482535a77"},
    {file = "lz4-4.3.2-cp310-cp310-manylinux_2_17_x86_64.manylinux2014_x86_64.whl", hash = "sha256:0f5614d8229b33d4a97cb527db2a1ac81308c6e796e7bdb5d1309127289f69d5"},
    {file = "lz4-4.3.2-cp310-cp310-manylinux_2_5_i686.manylinux1_i686.manylinux_2_17_i686.manylinux2014_i686.whl", hash = "sha256:8f00a9ba98f6364cadda366ae6469b7b3568c0cced27e16a47ddf6b774169270"},
    {file = "lz4-4.3.2-cp310-cp310-win32.whl", hash = "sha256:b10b77dc2e6b1daa2f11e241141ab8285c42b4ed13a8642495620416279cc5b2"},
    {file = "lz4-4.3.2-cp310-cp310-win_amd64.whl", hash = "sha256:86480f14a188c37cb1416cdabacfb4e42f7a5eab20a737dac9c4b1c227f3b822"},
    {file = "lz4-4.3.2-cp311-cp311-macosx_10_9_x86_64.whl", hash = "sha256:7c2df117def1589fba1327dceee51c5c2176a2b5a7040b45e84185ce0c08b6a3"},
    {file = "lz4-4.3.2-cp311-cp311-macosx_11_0_arm64.whl", hash = "sha256:1f25eb322eeb24068bb7647cae2b0732b71e5c639e4e4026db57618dcd8279f0"},
    {file = "lz4-4.3.2-cp311-cp311-manylinux_2_17_aarch64.manylinux2014_aarch64.whl", hash = "sha256:8df16c9a2377bdc01e01e6de5a6e4bbc66ddf007a6b045688e285d7d9d61d1c9"},
    {file = "lz4-4.3.2-cp311-cp311-manylinux_2_17_x86_64.manylinux2014_x86_64.whl", hash = "sha256:f571eab7fec554d3b1db0d666bdc2ad85c81f4b8cb08906c4c59a8cad75e6e22"},
    {file = "lz4-4.3.2-cp311-cp311-manylinux_2_5_i686.manylinux1_i686.manylinux_2_17_i686.manylinux2014_i686.whl", hash = "sha256:7211dc8f636ca625abc3d4fb9ab74e5444b92df4f8d58ec83c8868a2b0ff643d"},
    {file = "lz4-4.3.2-cp311-cp311-win32.whl", hash = "sha256:867664d9ca9bdfce840ac96d46cd8838c9ae891e859eb98ce82fcdf0e103a947"},
    {file = "lz4-4.3.2-cp311-cp311-win_amd64.whl", hash = "sha256:a6a46889325fd60b8a6b62ffc61588ec500a1883db32cddee9903edfba0b7584"},
    {file = "lz4-4.3.2-cp37-cp37m-macosx_10_9_x86_64.whl", hash = "sha256:3a85b430138882f82f354135b98c320dafb96fc8fe4656573d95ab05de9eb092"},
    {file = "lz4-4.3.2-cp37-cp37m-manylinux_2_17_aarch64.manylinux2014_aarch64.whl", hash = "sha256:65d5c93f8badacfa0456b660285e394e65023ef8071142e0dcbd4762166e1be0"},
    {file = "lz4-4.3.2-cp37-cp37m-manylinux_2_17_x86_64.manylinux2014_x86_64.whl", hash = "sha256:6b50f096a6a25f3b2edca05aa626ce39979d63c3b160687c8c6d50ac3943d0ba"},
    {file = "lz4-4.3.2-cp37-cp37m-manylinux_2_5_i686.manylinux1_i686.manylinux_2_17_i686.manylinux2014_i686.whl", hash = "sha256:200d05777d61ba1ff8d29cb51c534a162ea0b4fe6d3c28be3571a0a48ff36080"},
    {file = "lz4-4.3.2-cp37-cp37m-win32.whl", hash = "sha256:edc2fb3463d5d9338ccf13eb512aab61937be50aa70734bcf873f2f493801d3b"},
    {file = "lz4-4.3.2-cp37-cp37m-win_amd64.whl", hash = "sha256:83acfacab3a1a7ab9694333bcb7950fbeb0be21660d236fd09c8337a50817897"},
    {file = "lz4-4.3.2-cp38-cp38-macosx_10_9_x86_64.whl", hash = "sha256:7a9eec24ec7d8c99aab54de91b4a5a149559ed5b3097cf30249b665689b3d402"},
    {file = "lz4-4.3.2-cp38-cp38-macosx_11_0_arm64.whl", hash = "sha256:31d72731c4ac6ebdce57cd9a5cabe0aecba229c4f31ba3e2c64ae52eee3fdb1c"},
    {file = "lz4-4.3.2-cp38-cp38-manylinux_2_17_aarch64.manylinux2014_aarch64.whl", hash = "sha256:83903fe6db92db0be101acedc677aa41a490b561567fe1b3fe68695b2110326c"},
    {file = "lz4-4.3.2-cp38-cp38-manylinux_2_17_x86_64.manylinux2014_x86_64.whl", hash = "sha256:926b26db87ec8822cf1870efc3d04d06062730ec3279bbbd33ba47a6c0a5c673"},
    {file = "lz4-4.3.2-cp38-cp38-manylinux_2_5_i686.manylinux1_i686.manylinux_2_17_i686.manylinux2014_i686.whl", hash = "sha256:e05afefc4529e97c08e65ef92432e5f5225c0bb21ad89dee1e06a882f91d7f5e"},
    {file = "lz4-4.3.2-cp38-cp38-win32.whl", hash = "sha256:ad38dc6a7eea6f6b8b642aaa0683253288b0460b70cab3216838747163fb774d"},
    {file = "lz4-4.3.2-cp38-cp38-win_amd64.whl", hash = "sha256:7e2dc1bd88b60fa09b9b37f08553f45dc2b770c52a5996ea52b2b40f25445676"},
    {file = "lz4-4.3.2-cp39-cp39-macosx_10_9_x86_64.whl", hash = "sha256:edda4fb109439b7f3f58ed6bede59694bc631c4b69c041112b1b7dc727fffb23"},
    {file = "lz4-4.3.2-cp39-cp39-macosx_11_0_arm64.whl", hash = "sha256:0ca83a623c449295bafad745dcd399cea4c55b16b13ed8cfea30963b004016c9"},
    {file = "lz4-4.3.2-cp39-cp39-manylinux_2_17_aarch64.manylinux2014_aarch64.whl", hash = "sha256:d5ea0e788dc7e2311989b78cae7accf75a580827b4d96bbaf06c7e5a03989bd5"},
    {file = "lz4-4.3.2-cp39-cp39-manylinux_2_17_x86_64.manylinux2014_x86_64.whl", hash = "sha256:a98b61e504fb69f99117b188e60b71e3c94469295571492a6468c1acd63c37ba"},
    {file = "lz4-4.3.2-cp39-cp39-manylinux_2_5_i686.manylinux1_i686.manylinux_2_17_i686.manylinux2014_i686.whl", hash = "sha256:4931ab28a0d1c133104613e74eec1b8bb1f52403faabe4f47f93008785c0b929"},
    {file = "lz4-4.3.2-cp39-cp39-win32.whl", hash = "sha256:ec6755cacf83f0c5588d28abb40a1ac1643f2ff2115481089264c7630236618a"},
    {file = "lz4-4.3.2-cp39-cp39-win_amd64.whl", hash = "sha256:4caedeb19e3ede6c7a178968b800f910db6503cb4cb1e9cc9221157572139b49"},
    {file = "lz4-4.3.2.tar.gz", hash = "sha256:e1431d84a9cfb23e6773e72078ce8e65cad6745816d4cbf9ae67da5ea419acda"},
]

[package.extras]
docs = ["sphinx (>=1.6.0)", "sphinx-bootstrap-theme"]
flake8 = ["flake8"]
tests = ["psutil", "pytest (!=3.3.0)", "pytest-cov"]

[[package]]
name = "mysqlclient"
version = "2.2.0"
description = "Python interface to MySQL"
optional = false
python-versions = ">=3.8"
files = [
    {file = "mysqlclient-2.2.0-cp310-cp310-win_amd64.whl", hash = "sha256:68837b6bb23170acffb43ae411e47533a560b6360c06dac39aa55700972c93b2"},
    {file = "mysqlclient-2.2.0-cp311-cp311-win_amd64.whl", hash = "sha256:5670679ff1be1cc3fef0fa81bf39f0cd70605ba121141050f02743eb878ac114"},
    {file = "mysqlclient-2.2.0-cp38-cp38-win_amd64.whl", hash = "sha256:004fe1d30d2c2ff8072f8ea513bcec235fd9b896f70dad369461d0ad7e570e98"},
    {file = "mysqlclient-2.2.0-cp39-cp39-win_amd64.whl", hash = "sha256:9c6b142836c7dba4f723bf9c93cc46b6e5081d65b2af807f400dda9eb85a16d0"},
    {file = "mysqlclient-2.2.0-pp38-pypy38_pp73-win_amd64.whl", hash = "sha256:955dba905a7443ce4788c63fdb9f8d688316260cf60b20ff51ac3b1c77616ede"},
    {file = "mysqlclient-2.2.0-pp39-pypy39_pp73-win_amd64.whl", hash = "sha256:530ece9995a36cadb6211b9787f0c9e05cdab6702549bdb4236af5e9b535ed6a"},
    {file = "mysqlclient-2.2.0.tar.gz", hash = "sha256:04368445f9c487d8abb7a878e3d23e923e6072c04a6c320f9e0dc8a82efba14e"},
]

[[package]]
name = "packaging"
version = "23.2"
description = "Core utilities for Python packages"
optional = false
python-versions = ">=3.7"
files = [
    {file = "packaging-23.2-py3-none-any.whl", hash = "sha256:8c491190033a9af7e1d931d0b5dacc2ef47509b34dd0de67ed209b5203fc88c7"},
    {file = "packaging-23.2.tar.gz", hash = "sha256:048fb0e9405036518eaaf48a55953c750c11e1a1b68e0dd1a9d62ed0c092cfc5"},
]

[[package]]
name = "pyjwt"
version = "2.8.0"
description = "JSON Web Token implementation in Python"
optional = false
python-versions = ">=3.7"
files = [
    {file = "PyJWT-2.8.0-py3-none-any.whl", hash = "sha256:59127c392cc44c2da5bb3192169a91f429924e17aff6534d70fdc02ab3e04320"},
    {file = "PyJWT-2.8.0.tar.gz", hash = "sha256:57e28d156e3d5c10088e0c68abb90bfac3df82b40a71bd0daa20c65ccd5c23de"},
]

[package.extras]
crypto = ["cryptography (>=3.4.0)"]
dev = ["coverage[toml] (==5.0.4)", "cryptography (>=3.4.0)", "pre-commit", "pytest (>=6.0.0,<7.0.0)", "sphinx (>=4.5.0,<5.0.0)", "sphinx-rtd-theme", "zope.interface"]
docs = ["sphinx (>=4.5.0,<5.0.0)", "sphinx-rtd-theme", "zope.interface"]
tests = ["coverage[toml] (==5.0.4)", "pytest (>=6.0.0,<7.0.0)"]

[[package]]
name = "python-dotenv"
version = "1.0.0"
description = "Read key-value pairs from a .env file and set them as environment variables"
optional = false
python-versions = ">=3.8"
files = [
    {file = "python-dotenv-1.0.0.tar.gz", hash = "sha256:a8df96034aae6d2d50a4ebe8216326c61c3eb64836776504fcca410e5937a3ba"},
    {file = "python_dotenv-1.0.0-py3-none-any.whl", hash = "sha256:f5971a9226b701070a4bf2c38c89e5a3f0d64de8debda981d1db98583009122a"},
]

[package.extras]
cli = ["click (>=5.0)"]

[[package]]
name = "pytz"
version = "2023.3.post1"
description = "World timezone definitions, modern and historical"
optional = false
python-versions = "*"
files = [
    {file = "pytz-2023.3.post1-py2.py3-none-any.whl", hash = "sha256:ce42d816b81b68506614c11e8937d3aa9e41007ceb50bfdcb0749b921bf646c7"},
    {file = "pytz-2023.3.post1.tar.gz", hash = "sha256:7b4fddbeb94a1eba4b557da24f19fdf9db575192544270a9101d8509f9f43d7b"},
]

[[package]]
name = "sqlparse"
version = "0.4.4"
description = "A non-validating SQL parser."
optional = false
python-versions = ">=3.5"
files = [
    {file = "sqlparse-0.4.4-py3-none-any.whl", hash = "sha256:5430a4fe2ac7d0f93e66f1efc6e1338a41884b7ddf2a350cedd20ccc4d9d28f3"},
    {file = "sqlparse-0.4.4.tar.gz", hash = "sha256:d446183e84b8349fa3061f0fe7f06ca94ba65b426946ffebe6e3e8295332420c"},
]

[package.extras]
dev = ["build", "flake8"]
doc = ["sphinx"]
test = ["pytest", "pytest-cov"]

[[package]]
name = "typing-extensions"
version = "4.7.1"
description = "Backported and Experimental Type Hints for Python 3.7+"
optional = false
python-versions = ">=3.7"
files = [
    {file = "typing_extensions-4.7.1-py3-none-any.whl", hash = "sha256:440d5dd3af93b060174bf433bccd69b0babc3b15b1a8dca43789fd7f61514b36"},
    {file = "typing_extensions-4.7.1.tar.gz", hash = "sha256:b75ddc264f0ba5615db7ba217daeb99701ad295353c45f9e95963337ceeeffb2"},
]

[[package]]
name = "tzdata"
version = "2023.3"
description = "Provider of IANA time zone data"
optional = false
python-versions = ">=2"
files = [
    {file = "tzdata-2023.3-py2.py3-none-any.whl", hash = "sha256:7e65763eef3120314099b6939b5546db7adce1e7d6f2e179e3df563c70511eda"},
    {file = "tzdata-2023.3.tar.gz", hash = "sha256:11ef1e08e54acb0d4f95bdb1be05da659673de4acbd21bf9c69e94cc5e907a3a"},
]

[metadata]
lock-version = "2.0"
python-versions = "^3.8"
content-hash = "9ee47d9da9abf69ab67690eb823d0ad3b37d17403d6a25bbc62428cc6c69348a"
